// !$*UTF8*$!
{
	archiveVersion = 1;
	classes = {
	};
	objectVersion = 46;
	objects = {

/* Begin PBXBuildFile section */
		03E6EF6384892D9CD4752356 /* Pods_PandaWeather.framework in Frameworks */ = {isa = PBXBuildFile; fileRef = 348B114D280418E1BE86A0C6 /* Pods_PandaWeather.framework */; };
		8136E54C1CB4D7DD0011D421 /* Launch.storyboard in Resources */ = {isa = PBXBuildFile; fileRef = 8136E54B1CB4D7DD0011D421 /* Launch.storyboard */; };
		81BA814B1A49DA1800E65899 /* AppDelegate.swift in Sources */ = {isa = PBXBuildFile; fileRef = 81BA814A1A49DA1800E65899 /* AppDelegate.swift */; };
		81BA814D1A49DA1800E65899 /* ViewController.swift in Sources */ = {isa = PBXBuildFile; fileRef = 81BA814C1A49DA1800E65899 /* ViewController.swift */; };
		81BA81701A49DB6800E65899 /* Bolts.framework in Frameworks */ = {isa = PBXBuildFile; fileRef = 81BA816B1A49DB6800E65899 /* Bolts.framework */; };
		81BA81711A49DB6800E65899 /* Parse.framework in Frameworks */ = {isa = PBXBuildFile; fileRef = 81BA816C1A49DB6800E65899 /* Parse.framework */; };
		81BA81791A49E0DB00E65899 /* AudioToolbox.framework in Frameworks */ = {isa = PBXBuildFile; fileRef = 81BA81781A49E0DB00E65899 /* AudioToolbox.framework */; };
		81BA817B1A49E0E500E65899 /* SystemConfiguration.framework in Frameworks */ = {isa = PBXBuildFile; fileRef = 81BA817A1A49E0E500E65899 /* SystemConfiguration.framework */; };
		8374E1021D9AB18E00E7A0B7 /* libsqlite3.tbd in Frameworks */ = {isa = PBXBuildFile; fileRef = 8374E1011D9AB18E00E7A0B7 /* libsqlite3.tbd */; };
		A90AAC8F1F3FDC470077243C /* MapKit.framework in Frameworks */ = {isa = PBXBuildFile; fileRef = A90AAC8E1F3FDC470077243C /* MapKit.framework */; };
		A916C1231F4FDB080057A09C /* SettingsTableViewController.swift in Sources */ = {isa = PBXBuildFile; fileRef = A916C1221F4FDB080057A09C /* SettingsTableViewController.swift */; };
		A9174E3120280B8800DB6BCE /* NiceCVC.swift in Sources */ = {isa = PBXBuildFile; fileRef = A9174E3020280B8800DB6BCE /* NiceCVC.swift */; };
		A9174E3420280BF700DB6BCE /* niceCell.swift in Sources */ = {isa = PBXBuildFile; fileRef = A9174E3320280BF700DB6BCE /* niceCell.swift */; };
		A9174E36202835DA00DB6BCE /* CloudyCVC.swift in Sources */ = {isa = PBXBuildFile; fileRef = A9174E35202835DA00DB6BCE /* CloudyCVC.swift */; };
		A9174E38202836AC00DB6BCE /* cloudyCell.swift in Sources */ = {isa = PBXBuildFile; fileRef = A9174E37202836AC00DB6BCE /* cloudyCell.swift */; };
		A9174E3A2028396900DB6BCE /* ColdCVC.swift in Sources */ = {isa = PBXBuildFile; fileRef = A9174E392028396900DB6BCE /* ColdCVC.swift */; };
		A9174E3C2028398900DB6BCE /* coldCell.swift in Sources */ = {isa = PBXBuildFile; fileRef = A9174E3B2028398900DB6BCE /* coldCell.swift */; };
		A9174E3E20283B2900DB6BCE /* RainCVC.swift in Sources */ = {isa = PBXBuildFile; fileRef = A9174E3D20283B2900DB6BCE /* RainCVC.swift */; };
		A9174E4020283B3600DB6BCE /* rainCell.swift in Sources */ = {isa = PBXBuildFile; fileRef = A9174E3F20283B3600DB6BCE /* rainCell.swift */; };
		A9174E4220283CA500DB6BCE /* LightningCVC.swift in Sources */ = {isa = PBXBuildFile; fileRef = A9174E4120283CA500DB6BCE /* LightningCVC.swift */; };
		A9174E4420283CB100DB6BCE /* lightningCell.swift in Sources */ = {isa = PBXBuildFile; fileRef = A9174E4320283CB100DB6BCE /* lightningCell.swift */; };
		A91ACE501F9437A40082401A /* PandaWeather.xcdatamodeld in Sources */ = {isa = PBXBuildFile; fileRef = A91ACE4E1F9437A40082401A /* PandaWeather.xcdatamodeld */; };
		A91ACE521F9438980082401A /* PandaImage.swift in Sources */ = {isa = PBXBuildFile; fileRef = A91ACE511F9438980082401A /* PandaImage.swift */; };
		A93FB3C41FAC202300E4D5B7 /* PandaImages.swift in Sources */ = {isa = PBXBuildFile; fileRef = A93FB3C31FAC202300E4D5B7 /* PandaImages.swift */; };
		A93FB3C61FAC204300E4D5B7 /* SwiftyJSON.swift in Sources */ = {isa = PBXBuildFile; fileRef = A93FB3C51FAC204200E4D5B7 /* SwiftyJSON.swift */; };
		A93FB3C81FAC205900E4D5B7 /* CoreDataStack.swift in Sources */ = {isa = PBXBuildFile; fileRef = A93FB3C71FAC205800E4D5B7 /* CoreDataStack.swift */; };
		A93FB3CA1FAC214500E4D5B7 /* SplashScreen.swift in Sources */ = {isa = PBXBuildFile; fileRef = A93FB3C91FAC214500E4D5B7 /* SplashScreen.swift */; };
		A93FB3D21FC23DB900E4D5B7 /* AdminImageTableViewController.swift in Sources */ = {isa = PBXBuildFile; fileRef = A93FB3D11FC23DB900E4D5B7 /* AdminImageTableViewController.swift */; };
		A93FB3D41FC23E8400E4D5B7 /* ImageCell.swift in Sources */ = {isa = PBXBuildFile; fileRef = A93FB3D31FC23E8400E4D5B7 /* ImageCell.swift */; };
		A945C5881FE5E6730063DFAF /* AdminAddImage.swift in Sources */ = {isa = PBXBuildFile; fileRef = A945C5871FE5E6730063DFAF /* AdminAddImage.swift */; };
		A946E95D2032D50600BF49CB /* SnowCVC.swift in Sources */ = {isa = PBXBuildFile; fileRef = A946E95C2032D50600BF49CB /* SnowCVC.swift */; };
		A946E95F2032D54E00BF49CB /* snowCell.swift in Sources */ = {isa = PBXBuildFile; fileRef = A946E95E2032D54E00BF49CB /* snowCell.swift */; };
		A94CFFBF23D83A9B0026DCFB /* SceneDelegate.swift in Sources */ = {isa = PBXBuildFile; fileRef = A94CFFBE23D83A9B0026DCFB /* SceneDelegate.swift */; };
		A94CFFC123DD57260026DCFB /* CityWeatherTableViewController.swift in Sources */ = {isa = PBXBuildFile; fileRef = A94CFFC023DD57260026DCFB /* CityWeatherTableViewController.swift */; };
		A94CFFC323DD57490026DCFB /* CityTableViewCell.swift in Sources */ = {isa = PBXBuildFile; fileRef = A94CFFC223DD57490026DCFB /* CityTableViewCell.swift */; };
		A94CFFC523DD58D10026DCFB /* City.swift in Sources */ = {isa = PBXBuildFile; fileRef = A94CFFC423DD58D10026DCFB /* City.swift */; };
		A95A92C223D3CDDF00777342 /* WeatherBrowserViewController.swift in Sources */ = {isa = PBXBuildFile; fileRef = A95A92C123D3CDDF00777342 /* WeatherBrowserViewController.swift */; };
		A95A92C423D3D2E500777342 /* BookmarkTableViewController.swift in Sources */ = {isa = PBXBuildFile; fileRef = A95A92C323D3D2E500777342 /* BookmarkTableViewController.swift */; };
		A95A92C623D3D32E00777342 /* BookmarkTableViewCell.swift in Sources */ = {isa = PBXBuildFile; fileRef = A95A92C523D3D32E00777342 /* BookmarkTableViewCell.swift */; };
		A95A92C823D3F34A00777342 /* UIColor+ColorConstants.swift in Sources */ = {isa = PBXBuildFile; fileRef = A95A92C723D3F34A00777342 /* UIColor+ColorConstants.swift */; };
		A95A92CA23D51C6A00777342 /* Bookmark.swift in Sources */ = {isa = PBXBuildFile; fileRef = A95A92C923D51C6A00777342 /* Bookmark.swift */; };
		A95A92CC23D5242400777342 /* populationFunctions.swift in Sources */ = {isa = PBXBuildFile; fileRef = A95A92CB23D5242400777342 /* populationFunctions.swift */; };
		A967A3CD23CB0826007A1468 /* GoesImageView.swift in Sources */ = {isa = PBXBuildFile; fileRef = A967A3CC23CB0826007A1468 /* GoesImageView.swift */; };
		A976E5A92320BE40006AA2F5 /* HurricaneTrackerViewController.swift in Sources */ = {isa = PBXBuildFile; fileRef = A976E5A82320BE40006AA2F5 /* HurricaneTrackerViewController.swift */; };
		A976E5AB2320D5B4006AA2F5 /* StormListTableViewController.swift in Sources */ = {isa = PBXBuildFile; fileRef = A976E5AA2320D5B4006AA2F5 /* StormListTableViewController.swift */; };
		A977881E2027925700EB125F /* photoFolderTableViewController.swift in Sources */ = {isa = PBXBuildFile; fileRef = A977881D2027925700EB125F /* photoFolderTableViewController.swift */; };
		A9930F7B201506FB00E4D644 /* Date.swift in Sources */ = {isa = PBXBuildFile; fileRef = A9930F7A201506FB00E4D644 /* Date.swift */; };
		A9A97E671F5543360046B1AD /* Assets.xcassets in Resources */ = {isa = PBXBuildFile; fileRef = A9A97E661F5543360046B1AD /* Assets.xcassets */; };
		A9AB9DCB20D612A90055A792 /* WeatherTableViewController.swift in Sources */ = {isa = PBXBuildFile; fileRef = A9AB9DCA20D612A90055A792 /* WeatherTableViewController.swift */; };
		A9C752C31FC248DD008002C5 /* AdminPasswordViewController.swift in Sources */ = {isa = PBXBuildFile; fileRef = A9C752C21FC248DD008002C5 /* AdminPasswordViewController.swift */; };
		A9E0A20C1FF94C3B00ECD178 /* SyncDate.swift in Sources */ = {isa = PBXBuildFile; fileRef = A9E0A20B1FF94C3B00ECD178 /* SyncDate.swift */; };
		A9E357D61F550D1200F9EDA8 /* termsAndConditionsViewController.swift in Sources */ = {isa = PBXBuildFile; fileRef = A9E357D51F550D1200F9EDA8 /* termsAndConditionsViewController.swift */; };
		A9FBC43D207922DE0089B39F /* Main.storyboard in Resources */ = {isa = PBXBuildFile; fileRef = A9FBC43B207922DE0089B39F /* Main.storyboard */; };
		A9FBC43F207934EA0089B39F /* PandaImageFetch.swift in Sources */ = {isa = PBXBuildFile; fileRef = A9FBC43E207934EA0089B39F /* PandaImageFetch.swift */; };
/* End PBXBuildFile section */

/* Begin PBXFileReference section */
		348B114D280418E1BE86A0C6 /* Pods_PandaWeather.framework */ = {isa = PBXFileReference; explicitFileType = wrapper.framework; includeInIndex = 0; path = Pods_PandaWeather.framework; sourceTree = BUILT_PRODUCTS_DIR; };
		38D8C8CE194E8F88588A8B93 /* Pods-PandaWeather.debug.xcconfig */ = {isa = PBXFileReference; includeInIndex = 1; lastKnownFileType = text.xcconfig; name = "Pods-PandaWeather.debug.xcconfig"; path = "Pods/Target Support Files/Pods-PandaWeather/Pods-PandaWeather.debug.xcconfig"; sourceTree = "<group>"; };
		8136E54B1CB4D7DD0011D421 /* Launch.storyboard */ = {isa = PBXFileReference; fileEncoding = 4; lastKnownFileType = file.storyboard; path = Launch.storyboard; sourceTree = "<group>"; };
		814C3AC91B69877600E307BB /* Info.plist */ = {isa = PBXFileReference; fileEncoding = 4; lastKnownFileType = text.plist.xml; path = Info.plist; sourceTree = "<group>"; };
		81BA81451A49DA1800E65899 /* HurricanePup.app */ = {isa = PBXFileReference; explicitFileType = wrapper.application; includeInIndex = 0; path = HurricanePup.app; sourceTree = BUILT_PRODUCTS_DIR; };
		81BA814A1A49DA1800E65899 /* AppDelegate.swift */ = {isa = PBXFileReference; lastKnownFileType = sourcecode.swift; path = AppDelegate.swift; sourceTree = "<group>"; };
		81BA814C1A49DA1800E65899 /* ViewController.swift */ = {isa = PBXFileReference; lastKnownFileType = sourcecode.swift; path = ViewController.swift; sourceTree = "<group>"; };
		81BA816B1A49DB6800E65899 /* Bolts.framework */ = {isa = PBXFileReference; lastKnownFileType = wrapper.framework; path = Bolts.framework; sourceTree = "<group>"; };
		81BA816C1A49DB6800E65899 /* Parse.framework */ = {isa = PBXFileReference; lastKnownFileType = wrapper.framework; path = Parse.framework; sourceTree = "<group>"; };
		81BA81781A49E0DB00E65899 /* AudioToolbox.framework */ = {isa = PBXFileReference; lastKnownFileType = wrapper.framework; name = AudioToolbox.framework; path = System/Library/Frameworks/AudioToolbox.framework; sourceTree = SDKROOT; };
		81BA817A1A49E0E500E65899 /* SystemConfiguration.framework */ = {isa = PBXFileReference; lastKnownFileType = wrapper.framework; name = SystemConfiguration.framework; path = System/Library/Frameworks/SystemConfiguration.framework; sourceTree = SDKROOT; };
		8374E1011D9AB18E00E7A0B7 /* libsqlite3.tbd */ = {isa = PBXFileReference; lastKnownFileType = "sourcecode.text-based-dylib-definition"; name = libsqlite3.tbd; path = usr/lib/libsqlite3.tbd; sourceTree = SDKROOT; };
		A90AAC8E1F3FDC470077243C /* MapKit.framework */ = {isa = PBXFileReference; lastKnownFileType = wrapper.framework; name = MapKit.framework; path = System/Library/Frameworks/MapKit.framework; sourceTree = SDKROOT; };
		A916C1221F4FDB080057A09C /* SettingsTableViewController.swift */ = {isa = PBXFileReference; fileEncoding = 4; lastKnownFileType = sourcecode.swift; path = SettingsTableViewController.swift; sourceTree = "<group>"; };
		A9174E3020280B8800DB6BCE /* NiceCVC.swift */ = {isa = PBXFileReference; lastKnownFileType = sourcecode.swift; path = NiceCVC.swift; sourceTree = "<group>"; };
		A9174E3320280BF700DB6BCE /* niceCell.swift */ = {isa = PBXFileReference; lastKnownFileType = sourcecode.swift; path = niceCell.swift; sourceTree = "<group>"; };
		A9174E35202835DA00DB6BCE /* CloudyCVC.swift */ = {isa = PBXFileReference; lastKnownFileType = sourcecode.swift; path = CloudyCVC.swift; sourceTree = "<group>"; };
		A9174E37202836AC00DB6BCE /* cloudyCell.swift */ = {isa = PBXFileReference; lastKnownFileType = sourcecode.swift; path = cloudyCell.swift; sourceTree = "<group>"; };
		A9174E392028396900DB6BCE /* ColdCVC.swift */ = {isa = PBXFileReference; lastKnownFileType = sourcecode.swift; path = ColdCVC.swift; sourceTree = "<group>"; };
		A9174E3B2028398900DB6BCE /* coldCell.swift */ = {isa = PBXFileReference; lastKnownFileType = sourcecode.swift; path = coldCell.swift; sourceTree = "<group>"; };
		A9174E3D20283B2900DB6BCE /* RainCVC.swift */ = {isa = PBXFileReference; lastKnownFileType = sourcecode.swift; path = RainCVC.swift; sourceTree = "<group>"; };
		A9174E3F20283B3600DB6BCE /* rainCell.swift */ = {isa = PBXFileReference; lastKnownFileType = sourcecode.swift; path = rainCell.swift; sourceTree = "<group>"; };
		A9174E4120283CA500DB6BCE /* LightningCVC.swift */ = {isa = PBXFileReference; lastKnownFileType = sourcecode.swift; path = LightningCVC.swift; sourceTree = "<group>"; };
		A9174E4320283CB100DB6BCE /* lightningCell.swift */ = {isa = PBXFileReference; lastKnownFileType = sourcecode.swift; path = lightningCell.swift; sourceTree = "<group>"; };
		A91ACE4F1F9437A40082401A /* PandaWeather.xcdatamodel */ = {isa = PBXFileReference; lastKnownFileType = wrapper.xcdatamodel; path = PandaWeather.xcdatamodel; sourceTree = "<group>"; };
		A91ACE511F9438980082401A /* PandaImage.swift */ = {isa = PBXFileReference; lastKnownFileType = sourcecode.swift; path = PandaImage.swift; sourceTree = "<group>"; };
		A93FB3C31FAC202300E4D5B7 /* PandaImages.swift */ = {isa = PBXFileReference; fileEncoding = 4; lastKnownFileType = sourcecode.swift; path = PandaImages.swift; sourceTree = "<group>"; };
		A93FB3C51FAC204200E4D5B7 /* SwiftyJSON.swift */ = {isa = PBXFileReference; fileEncoding = 4; lastKnownFileType = sourcecode.swift; path = SwiftyJSON.swift; sourceTree = "<group>"; };
		A93FB3C71FAC205800E4D5B7 /* CoreDataStack.swift */ = {isa = PBXFileReference; fileEncoding = 4; lastKnownFileType = sourcecode.swift; path = CoreDataStack.swift; sourceTree = "<group>"; };
		A93FB3C91FAC214500E4D5B7 /* SplashScreen.swift */ = {isa = PBXFileReference; lastKnownFileType = sourcecode.swift; path = SplashScreen.swift; sourceTree = "<group>"; };
		A93FB3D11FC23DB900E4D5B7 /* AdminImageTableViewController.swift */ = {isa = PBXFileReference; lastKnownFileType = sourcecode.swift; path = AdminImageTableViewController.swift; sourceTree = "<group>"; };
		A93FB3D31FC23E8400E4D5B7 /* ImageCell.swift */ = {isa = PBXFileReference; lastKnownFileType = sourcecode.swift; path = ImageCell.swift; sourceTree = "<group>"; };
		A945C5871FE5E6730063DFAF /* AdminAddImage.swift */ = {isa = PBXFileReference; lastKnownFileType = sourcecode.swift; path = AdminAddImage.swift; sourceTree = "<group>"; };
		A946E95C2032D50600BF49CB /* SnowCVC.swift */ = {isa = PBXFileReference; lastKnownFileType = sourcecode.swift; path = SnowCVC.swift; sourceTree = "<group>"; };
		A946E95E2032D54E00BF49CB /* snowCell.swift */ = {isa = PBXFileReference; lastKnownFileType = sourcecode.swift; path = snowCell.swift; sourceTree = "<group>"; };
		A94CFFBE23D83A9B0026DCFB /* SceneDelegate.swift */ = {isa = PBXFileReference; lastKnownFileType = sourcecode.swift; path = SceneDelegate.swift; sourceTree = "<group>"; };
		A94CFFC023DD57260026DCFB /* CityWeatherTableViewController.swift */ = {isa = PBXFileReference; lastKnownFileType = sourcecode.swift; path = CityWeatherTableViewController.swift; sourceTree = "<group>"; };
		A94CFFC223DD57490026DCFB /* CityTableViewCell.swift */ = {isa = PBXFileReference; lastKnownFileType = sourcecode.swift; path = CityTableViewCell.swift; sourceTree = "<group>"; };
		A94CFFC423DD58D10026DCFB /* City.swift */ = {isa = PBXFileReference; lastKnownFileType = sourcecode.swift; path = City.swift; sourceTree = "<group>"; };
		A95A92C123D3CDDF00777342 /* WeatherBrowserViewController.swift */ = {isa = PBXFileReference; lastKnownFileType = sourcecode.swift; path = WeatherBrowserViewController.swift; sourceTree = "<group>"; };
		A95A92C323D3D2E500777342 /* BookmarkTableViewController.swift */ = {isa = PBXFileReference; lastKnownFileType = sourcecode.swift; path = BookmarkTableViewController.swift; sourceTree = "<group>"; };
		A95A92C523D3D32E00777342 /* BookmarkTableViewCell.swift */ = {isa = PBXFileReference; lastKnownFileType = sourcecode.swift; path = BookmarkTableViewCell.swift; sourceTree = "<group>"; };
		A95A92C723D3F34A00777342 /* UIColor+ColorConstants.swift */ = {isa = PBXFileReference; lastKnownFileType = sourcecode.swift; path = "UIColor+ColorConstants.swift"; sourceTree = "<group>"; };
		A95A92C923D51C6A00777342 /* Bookmark.swift */ = {isa = PBXFileReference; lastKnownFileType = sourcecode.swift; path = Bookmark.swift; sourceTree = "<group>"; };
		A95A92CB23D5242400777342 /* populationFunctions.swift */ = {isa = PBXFileReference; lastKnownFileType = sourcecode.swift; path = populationFunctions.swift; sourceTree = "<group>"; };
		A967A3CC23CB0826007A1468 /* GoesImageView.swift */ = {isa = PBXFileReference; lastKnownFileType = sourcecode.swift; path = GoesImageView.swift; sourceTree = "<group>"; };
		A976E5A82320BE40006AA2F5 /* HurricaneTrackerViewController.swift */ = {isa = PBXFileReference; lastKnownFileType = sourcecode.swift; path = HurricaneTrackerViewController.swift; sourceTree = "<group>"; };
		A976E5AA2320D5B4006AA2F5 /* StormListTableViewController.swift */ = {isa = PBXFileReference; lastKnownFileType = sourcecode.swift; path = StormListTableViewController.swift; sourceTree = "<group>"; };
		A977881D2027925700EB125F /* photoFolderTableViewController.swift */ = {isa = PBXFileReference; lastKnownFileType = sourcecode.swift; path = photoFolderTableViewController.swift; sourceTree = "<group>"; };
		A9930F7A201506FB00E4D644 /* Date.swift */ = {isa = PBXFileReference; lastKnownFileType = sourcecode.swift; path = Date.swift; sourceTree = "<group>"; };
		A9A97E661F5543360046B1AD /* Assets.xcassets */ = {isa = PBXFileReference; lastKnownFileType = folder.assetcatalog; path = Assets.xcassets; sourceTree = "<group>"; };
		A9AB9DCA20D612A90055A792 /* WeatherTableViewController.swift */ = {isa = PBXFileReference; lastKnownFileType = sourcecode.swift; path = WeatherTableViewController.swift; sourceTree = "<group>"; };
		A9C752C21FC248DD008002C5 /* AdminPasswordViewController.swift */ = {isa = PBXFileReference; lastKnownFileType = sourcecode.swift; path = AdminPasswordViewController.swift; sourceTree = "<group>"; };
		A9E0A20B1FF94C3B00ECD178 /* SyncDate.swift */ = {isa = PBXFileReference; lastKnownFileType = sourcecode.swift; path = SyncDate.swift; sourceTree = "<group>"; };
		A9E357D51F550D1200F9EDA8 /* termsAndConditionsViewController.swift */ = {isa = PBXFileReference; fileEncoding = 4; lastKnownFileType = sourcecode.swift; path = termsAndConditionsViewController.swift; sourceTree = "<group>"; };
		A9FBC43C207922DE0089B39F /* Base */ = {isa = PBXFileReference; lastKnownFileType = file.storyboard; name = Base; path = Base.lproj/Main.storyboard; sourceTree = "<group>"; };
		A9FBC43E207934EA0089B39F /* PandaImageFetch.swift */ = {isa = PBXFileReference; lastKnownFileType = sourcecode.swift; path = PandaImageFetch.swift; sourceTree = "<group>"; };
		B177D85A429038EBD109DEF3 /* Pods-PandaWeather.release.xcconfig */ = {isa = PBXFileReference; includeInIndex = 1; lastKnownFileType = text.xcconfig; name = "Pods-PandaWeather.release.xcconfig"; path = "Pods/Target Support Files/Pods-PandaWeather/Pods-PandaWeather.release.xcconfig"; sourceTree = "<group>"; };
/* End PBXFileReference section */

/* Begin PBXFrameworksBuildPhase section */
		81BA81421A49DA1800E65899 /* Frameworks */ = {
			isa = PBXFrameworksBuildPhase;
			buildActionMask = 2147483647;
			files = (
				8374E1021D9AB18E00E7A0B7 /* libsqlite3.tbd in Frameworks */,
				81BA817B1A49E0E500E65899 /* SystemConfiguration.framework in Frameworks */,
				81BA81791A49E0DB00E65899 /* AudioToolbox.framework in Frameworks */,
				A90AAC8F1F3FDC470077243C /* MapKit.framework in Frameworks */,
				81BA81711A49DB6800E65899 /* Parse.framework in Frameworks */,
				81BA81701A49DB6800E65899 /* Bolts.framework in Frameworks */,
				03E6EF6384892D9CD4752356 /* Pods_PandaWeather.framework in Frameworks */,
			);
			runOnlyForDeploymentPostprocessing = 0;
		};
/* End PBXFrameworksBuildPhase section */

/* Begin PBXGroup section */
		814C3AC51B69877600E307BB /* Resources */ = {
			isa = PBXGroup;
			children = (
				A9A97E661F5543360046B1AD /* Assets.xcassets */,
				814C3AC91B69877600E307BB /* Info.plist */,
				8136E54B1CB4D7DD0011D421 /* Launch.storyboard */,
			);
			path = Resources;
			sourceTree = "<group>";
		};
		81BA813C1A49DA1800E65899 = {
			isa = PBXGroup;
			children = (
				81BA81471A49DA1800E65899 /* ParseStarterProject */,
				814C3AC51B69877600E307BB /* Resources */,
				81BA816A1A49DB5600E65899 /* Frameworks */,
				81BA81461A49DA1800E65899 /* Products */,
				8C6EDFEF3AB08CC727C9B840 /* Pods */,
			);
			sourceTree = "<group>";
		};
		81BA81461A49DA1800E65899 /* Products */ = {
			isa = PBXGroup;
			children = (
				81BA81451A49DA1800E65899 /* HurricanePup.app */,
			);
			name = Products;
			sourceTree = "<group>";
		};
		81BA81471A49DA1800E65899 /* ParseStarterProject */ = {
			isa = PBXGroup;
			children = (
				A9FBC43620791F600089B39F /* Pages */,
				A9FBC43420791F190089B39F /* Logical */,
				A9FBC43320791F0B0089B39F /* Main */,
			);
			path = ParseStarterProject;
			sourceTree = "<group>";
		};
		81BA816A1A49DB5600E65899 /* Frameworks */ = {
			isa = PBXGroup;
			children = (
				A90AAC8E1F3FDC470077243C /* MapKit.framework */,
				81BA816B1A49DB6800E65899 /* Bolts.framework */,
				81BA816C1A49DB6800E65899 /* Parse.framework */,
				81BA81751A49E0C500E65899 /* System Frameworks */,
				348B114D280418E1BE86A0C6 /* Pods_PandaWeather.framework */,
			);
			name = Frameworks;
			sourceTree = "<group>";
		};
		81BA81751A49E0C500E65899 /* System Frameworks */ = {
			isa = PBXGroup;
			children = (
				81BA817A1A49E0E500E65899 /* SystemConfiguration.framework */,
				81BA81781A49E0DB00E65899 /* AudioToolbox.framework */,
				8374E1011D9AB18E00E7A0B7 /* libsqlite3.tbd */,
			);
			name = "System Frameworks";
			sourceTree = "<group>";
		};
		8C6EDFEF3AB08CC727C9B840 /* Pods */ = {
			isa = PBXGroup;
			children = (
				38D8C8CE194E8F88588A8B93 /* Pods-PandaWeather.debug.xcconfig */,
				B177D85A429038EBD109DEF3 /* Pods-PandaWeather.release.xcconfig */,
			);
			name = Pods;
			sourceTree = "<group>";
		};
		A9174E2F20280B6700DB6BCE /* WeatherCVCs */ = {
			isa = PBXGroup;
			children = (
				A9174E3020280B8800DB6BCE /* NiceCVC.swift */,
				A9174E35202835DA00DB6BCE /* CloudyCVC.swift */,
				A9174E392028396900DB6BCE /* ColdCVC.swift */,
				A9174E3D20283B2900DB6BCE /* RainCVC.swift */,
				A9174E4120283CA500DB6BCE /* LightningCVC.swift */,
				A946E95C2032D50600BF49CB /* SnowCVC.swift */,
			);
			path = WeatherCVCs;
			sourceTree = "<group>";
		};
		A9174E3220280BE200DB6BCE /* Cells */ = {
			isa = PBXGroup;
			children = (
				A93FB3D31FC23E8400E4D5B7 /* ImageCell.swift */,
				A94CFFC223DD57490026DCFB /* CityTableViewCell.swift */,
				A95A92C523D3D32E00777342 /* BookmarkTableViewCell.swift */,
				A9174E3320280BF700DB6BCE /* niceCell.swift */,
				A9174E37202836AC00DB6BCE /* cloudyCell.swift */,
				A9174E3B2028398900DB6BCE /* coldCell.swift */,
				A9174E3F20283B3600DB6BCE /* rainCell.swift */,
				A9174E4320283CB100DB6BCE /* lightningCell.swift */,
				A946E95E2032D54E00BF49CB /* snowCell.swift */,
			);
			path = Cells;
			sourceTree = "<group>";
		};
		A9FBC43320791F0B0089B39F /* Main */ = {
			isa = PBXGroup;
			children = (
				A9FBC43B207922DE0089B39F /* Main.storyboard */,
				81BA814A1A49DA1800E65899 /* AppDelegate.swift */,
				A93FB3C91FAC214500E4D5B7 /* SplashScreen.swift */,
				A94CFFBE23D83A9B0026DCFB /* SceneDelegate.swift */,
			);
			path = Main;
			sourceTree = "<group>";
		};
		A9FBC43420791F190089B39F /* Logical */ = {
			isa = PBXGroup;
			children = (
				A9FBC438207920360089B39F /* References */,
				A9FBC43720791FF00089B39F /* Modules */,
				A91ACE4E1F9437A40082401A /* PandaWeather.xcdatamodeld */,
				A91ACE511F9438980082401A /* PandaImage.swift */,
				A93FB3C31FAC202300E4D5B7 /* PandaImages.swift */,
				A9FBC43E207934EA0089B39F /* PandaImageFetch.swift */,
				A9E0A20B1FF94C3B00ECD178 /* SyncDate.swift */,
				A9930F7A201506FB00E4D644 /* Date.swift */,
			);
			path = Logical;
			sourceTree = "<group>";
		};
		A9FBC43620791F600089B39F /* Pages */ = {
			isa = PBXGroup;
			children = (
				81BA814C1A49DA1800E65899 /* ViewController.swift */,
				A976E5A82320BE40006AA2F5 /* HurricaneTrackerViewController.swift */,
				A95A92C123D3CDDF00777342 /* WeatherBrowserViewController.swift */,
				A95A92CB23D5242400777342 /* populationFunctions.swift */,
				A95A92C923D51C6A00777342 /* Bookmark.swift */,
				A94CFFC423DD58D10026DCFB /* City.swift */,
				A95A92C723D3F34A00777342 /* UIColor+ColorConstants.swift */,
				A95A92C323D3D2E500777342 /* BookmarkTableViewController.swift */,
				A94CFFC023DD57260026DCFB /* CityWeatherTableViewController.swift */,
				A967A3CC23CB0826007A1468 /* GoesImageView.swift */,
				A9AB9DCA20D612A90055A792 /* WeatherTableViewController.swift */,
				A916C1221F4FDB080057A09C /* SettingsTableViewController.swift */,
				A977881D2027925700EB125F /* photoFolderTableViewController.swift */,
				A9E357D51F550D1200F9EDA8 /* termsAndConditionsViewController.swift */,
				A9C752C21FC248DD008002C5 /* AdminPasswordViewController.swift */,
				A93FB3D11FC23DB900E4D5B7 /* AdminImageTableViewController.swift */,
				A945C5871FE5E6730063DFAF /* AdminAddImage.swift */,
				A976E5AA2320D5B4006AA2F5 /* StormListTableViewController.swift */,
				A9174E3220280BE200DB6BCE /* Cells */,
				A9174E2F20280B6700DB6BCE /* WeatherCVCs */,
			);
			path = Pages;
			sourceTree = "<group>";
		};
		A9FBC43720791FF00089B39F /* Modules */ = {
			isa = PBXGroup;
			children = (
			);
			path = Modules;
			sourceTree = "<group>";
		};
		A9FBC438207920360089B39F /* References */ = {
			isa = PBXGroup;
			children = (
				A93FB3C51FAC204200E4D5B7 /* SwiftyJSON.swift */,
				A93FB3C71FAC205800E4D5B7 /* CoreDataStack.swift */,
			);
			path = References;
			sourceTree = "<group>";
		};
/* End PBXGroup section */

/* Begin PBXNativeTarget section */
		81BA81441A49DA1800E65899 /* PandaWeather */ = {
			isa = PBXNativeTarget;
			buildConfigurationList = 81BA81641A49DA1800E65899 /* Build configuration list for PBXNativeTarget "PandaWeather" */;
			buildPhases = (
				25D07E15C46326D6C1717EF6 /* [CP] Check Pods Manifest.lock */,
				81BA81411A49DA1800E65899 /* Sources */,
				81BA81421A49DA1800E65899 /* Frameworks */,
				81BA81431A49DA1800E65899 /* Resources */,
				AA2ABA8D1AA575B112D8DBC5 /* [CP] Embed Pods Frameworks */,
			);
			buildRules = (
			);
			dependencies = (
			);
			name = PandaWeather;
			productName = ParseStarterProject;
			productReference = 81BA81451A49DA1800E65899 /* HurricanePup.app */;
			productType = "com.apple.product-type.application";
		};
/* End PBXNativeTarget section */

/* Begin PBXProject section */
		81BA813D1A49DA1800E65899 /* Project object */ = {
			isa = PBXProject;
			attributes = {
				LastSwiftUpdateCheck = 0700;
				LastUpgradeCheck = 1030;
				ORGANIZATIONNAME = Parse;
				TargetAttributes = {
					81BA81441A49DA1800E65899 = {
						CreatedOnToolsVersion = 6.1.1;
						DevelopmentTeam = 977XR9D7BN;
						LastSwiftMigration = 0900;
						SystemCapabilities = {
							com.apple.Maps.iOS = {
								enabled = 1;
							};
						};
					};
				};
			};
			buildConfigurationList = 81BA81401A49DA1800E65899 /* Build configuration list for PBXProject "PandaWeather" */;
			compatibilityVersion = "Xcode 3.2";
			developmentRegion = en;
			hasScannedForEncodings = 0;
			knownRegions = (
				en,
				Base,
			);
			mainGroup = 81BA813C1A49DA1800E65899;
			productRefGroup = 81BA81461A49DA1800E65899 /* Products */;
			projectDirPath = "";
			projectRoot = "";
			targets = (
				81BA81441A49DA1800E65899 /* PandaWeather */,
			);
		};
/* End PBXProject section */

/* Begin PBXResourcesBuildPhase section */
		81BA81431A49DA1800E65899 /* Resources */ = {
			isa = PBXResourcesBuildPhase;
			buildActionMask = 2147483647;
			files = (
				A9FBC43D207922DE0089B39F /* Main.storyboard in Resources */,
				A9A97E671F5543360046B1AD /* Assets.xcassets in Resources */,
				8136E54C1CB4D7DD0011D421 /* Launch.storyboard in Resources */,
			);
			runOnlyForDeploymentPostprocessing = 0;
		};
/* End PBXResourcesBuildPhase section */

/* Begin PBXShellScriptBuildPhase section */
		25D07E15C46326D6C1717EF6 /* [CP] Check Pods Manifest.lock */ = {
			isa = PBXShellScriptBuildPhase;
			buildActionMask = 2147483647;
			files = (
			);
			inputPaths = (
				"${PODS_PODFILE_DIR_PATH}/Podfile.lock",
				"${PODS_ROOT}/Manifest.lock",
			);
			name = "[CP] Check Pods Manifest.lock";
			outputPaths = (
				"$(DERIVED_FILE_DIR)/Pods-PandaWeather-checkManifestLockResult.txt",
			);
			runOnlyForDeploymentPostprocessing = 0;
			shellPath = /bin/sh;
			shellScript = "diff \"${PODS_PODFILE_DIR_PATH}/Podfile.lock\" \"${PODS_ROOT}/Manifest.lock\" > /dev/null\nif [ $? != 0 ] ; then\n    # print error to STDERR\n    echo \"error: The sandbox is not in sync with the Podfile.lock. Run 'pod install' or update your CocoaPods installation.\" >&2\n    exit 1\nfi\n# This output is used by Xcode 'outputs' to avoid re-running this script phase.\necho \"SUCCESS\" > \"${SCRIPT_OUTPUT_FILE_0}\"\n";
			showEnvVarsInLog = 0;
		};
		AA2ABA8D1AA575B112D8DBC5 /* [CP] Embed Pods Frameworks */ = {
			isa = PBXShellScriptBuildPhase;
			buildActionMask = 2147483647;
			files = (
			);
			inputPaths = (
				"${PODS_ROOT}/Target Support Files/Pods-PandaWeather/Pods-PandaWeather-frameworks.sh",
				"${BUILT_PRODUCTS_DIR}/Bolts/Bolts.framework",
				"${BUILT_PRODUCTS_DIR}/FBSDKCoreKit/FBSDKCoreKit.framework",
				"${BUILT_PRODUCTS_DIR}/FBSDKLoginKit/FBSDKLoginKit.framework",
				"${BUILT_PRODUCTS_DIR}/FBSDKShareKit/FBSDKShareKit.framework",
				"${BUILT_PRODUCTS_DIR}/FacebookCore/FacebookCore.framework",
				"${BUILT_PRODUCTS_DIR}/FacebookLogin/FacebookLogin.framework",
				"${BUILT_PRODUCTS_DIR}/FacebookShare/FacebookShare.framework",
				"${BUILT_PRODUCTS_DIR}/Parse/Parse.framework",
				"${BUILT_PRODUCTS_DIR}/Realm/Realm.framework",
				"${BUILT_PRODUCTS_DIR}/RealmSwift/RealmSwift.framework",
				"${BUILT_PRODUCTS_DIR}/SwiftSoup/SwiftSoup.framework",
			);
			name = "[CP] Embed Pods Frameworks";
			outputPaths = (
				"${TARGET_BUILD_DIR}/${FRAMEWORKS_FOLDER_PATH}/Bolts.framework",
				"${TARGET_BUILD_DIR}/${FRAMEWORKS_FOLDER_PATH}/FBSDKCoreKit.framework",
				"${TARGET_BUILD_DIR}/${FRAMEWORKS_FOLDER_PATH}/FBSDKLoginKit.framework",
				"${TARGET_BUILD_DIR}/${FRAMEWORKS_FOLDER_PATH}/FBSDKShareKit.framework",
				"${TARGET_BUILD_DIR}/${FRAMEWORKS_FOLDER_PATH}/FacebookCore.framework",
				"${TARGET_BUILD_DIR}/${FRAMEWORKS_FOLDER_PATH}/FacebookLogin.framework",
				"${TARGET_BUILD_DIR}/${FRAMEWORKS_FOLDER_PATH}/FacebookShare.framework",
				"${TARGET_BUILD_DIR}/${FRAMEWORKS_FOLDER_PATH}/Parse.framework",
				"${TARGET_BUILD_DIR}/${FRAMEWORKS_FOLDER_PATH}/Realm.framework",
				"${TARGET_BUILD_DIR}/${FRAMEWORKS_FOLDER_PATH}/RealmSwift.framework",
				"${TARGET_BUILD_DIR}/${FRAMEWORKS_FOLDER_PATH}/SwiftSoup.framework",
			);
			runOnlyForDeploymentPostprocessing = 0;
			shellPath = /bin/sh;
			shellScript = "\"${PODS_ROOT}/Target Support Files/Pods-PandaWeather/Pods-PandaWeather-frameworks.sh\"\n";
			showEnvVarsInLog = 0;
		};
/* End PBXShellScriptBuildPhase section */

/* Begin PBXSourcesBuildPhase section */
		81BA81411A49DA1800E65899 /* Sources */ = {
			isa = PBXSourcesBuildPhase;
			buildActionMask = 2147483647;
			files = (
				A95A92C623D3D32E00777342 /* BookmarkTableViewCell.swift in Sources */,
				A9174E3A2028396900DB6BCE /* ColdCVC.swift in Sources */,
				A95A92C223D3CDDF00777342 /* WeatherBrowserViewController.swift in Sources */,
				A93FB3D21FC23DB900E4D5B7 /* AdminImageTableViewController.swift in Sources */,
				A93FB3CA1FAC214500E4D5B7 /* SplashScreen.swift in Sources */,
				A9E357D61F550D1200F9EDA8 /* termsAndConditionsViewController.swift in Sources */,
				A9174E3C2028398900DB6BCE /* coldCell.swift in Sources */,
				A9174E4220283CA500DB6BCE /* LightningCVC.swift in Sources */,
				A9930F7B201506FB00E4D644 /* Date.swift in Sources */,
				A95A92C423D3D2E500777342 /* BookmarkTableViewController.swift in Sources */,
				A946E95D2032D50600BF49CB /* SnowCVC.swift in Sources */,
				A95A92C823D3F34A00777342 /* UIColor+ColorConstants.swift in Sources */,
				A9174E3E20283B2900DB6BCE /* RainCVC.swift in Sources */,
				A9FBC43F207934EA0089B39F /* PandaImageFetch.swift in Sources */,
				A91ACE501F9437A40082401A /* PandaWeather.xcdatamodeld in Sources */,
				A9174E4020283B3600DB6BCE /* rainCell.swift in Sources */,
				A916C1231F4FDB080057A09C /* SettingsTableViewController.swift in Sources */,
				A93FB3C81FAC205900E4D5B7 /* CoreDataStack.swift in Sources */,
				A94CFFC523DD58D10026DCFB /* City.swift in Sources */,
				A9174E3120280B8800DB6BCE /* NiceCVC.swift in Sources */,
				A94CFFC323DD57490026DCFB /* CityTableViewCell.swift in Sources */,
				A9174E38202836AC00DB6BCE /* cloudyCell.swift in Sources */,
				81BA814D1A49DA1800E65899 /* ViewController.swift in Sources */,
				A9AB9DCB20D612A90055A792 /* WeatherTableViewController.swift in Sources */,
				A91ACE521F9438980082401A /* PandaImage.swift in Sources */,
				A9174E36202835DA00DB6BCE /* CloudyCVC.swift in Sources */,
				A95A92CC23D5242400777342 /* populationFunctions.swift in Sources */,
				A9174E4420283CB100DB6BCE /* lightningCell.swift in Sources */,
				A9C752C31FC248DD008002C5 /* AdminPasswordViewController.swift in Sources */,
				A946E95F2032D54E00BF49CB /* snowCell.swift in Sources */,
				A9174E3420280BF700DB6BCE /* niceCell.swift in Sources */,
				A945C5881FE5E6730063DFAF /* AdminAddImage.swift in Sources */,
				A976E5AB2320D5B4006AA2F5 /* StormListTableViewController.swift in Sources */,
				81BA814B1A49DA1800E65899 /* AppDelegate.swift in Sources */,
				A9E0A20C1FF94C3B00ECD178 /* SyncDate.swift in Sources */,
				A976E5A92320BE40006AA2F5 /* HurricaneTrackerViewController.swift in Sources */,
				A977881E2027925700EB125F /* photoFolderTableViewController.swift in Sources */,
				A94CFFC123DD57260026DCFB /* CityWeatherTableViewController.swift in Sources */,
				A93FB3C61FAC204300E4D5B7 /* SwiftyJSON.swift in Sources */,
				A94CFFBF23D83A9B0026DCFB /* SceneDelegate.swift in Sources */,
				A95A92CA23D51C6A00777342 /* Bookmark.swift in Sources */,
				A93FB3C41FAC202300E4D5B7 /* PandaImages.swift in Sources */,
				A967A3CD23CB0826007A1468 /* GoesImageView.swift in Sources */,
				A93FB3D41FC23E8400E4D5B7 /* ImageCell.swift in Sources */,
			);
			runOnlyForDeploymentPostprocessing = 0;
		};
/* End PBXSourcesBuildPhase section */

/* Begin PBXVariantGroup section */
		A9FBC43B207922DE0089B39F /* Main.storyboard */ = {
			isa = PBXVariantGroup;
			children = (
				A9FBC43C207922DE0089B39F /* Base */,
			);
			name = Main.storyboard;
			sourceTree = "<group>";
		};
/* End PBXVariantGroup section */

/* Begin XCBuildConfiguration section */
		81BA81621A49DA1800E65899 /* Debug */ = {
			isa = XCBuildConfiguration;
			buildSettings = {
				ALWAYS_SEARCH_USER_PATHS = NO;
				CLANG_ANALYZER_LOCALIZABILITY_NONLOCALIZED = YES;
				CLANG_CXX_LANGUAGE_STANDARD = "gnu++0x";
				CLANG_CXX_LIBRARY = "libc++";
				CLANG_ENABLE_MODULES = YES;
				CLANG_ENABLE_OBJC_ARC = YES;
				CLANG_WARN_BLOCK_CAPTURE_AUTORELEASING = YES;
				CLANG_WARN_BOOL_CONVERSION = YES;
				CLANG_WARN_COMMA = YES;
				CLANG_WARN_CONSTANT_CONVERSION = YES;
				CLANG_WARN_DEPRECATED_OBJC_IMPLEMENTATIONS = YES;
				CLANG_WARN_DIRECT_OBJC_ISA_USAGE = YES_ERROR;
				CLANG_WARN_EMPTY_BODY = YES;
				CLANG_WARN_ENUM_CONVERSION = YES;
				CLANG_WARN_INFINITE_RECURSION = YES;
				CLANG_WARN_INT_CONVERSION = YES;
				CLANG_WARN_NON_LITERAL_NULL_CONVERSION = YES;
				CLANG_WARN_OBJC_IMPLICIT_RETAIN_SELF = YES;
				CLANG_WARN_OBJC_LITERAL_CONVERSION = YES;
				CLANG_WARN_OBJC_ROOT_CLASS = YES_ERROR;
				CLANG_WARN_RANGE_LOOP_ANALYSIS = YES;
				CLANG_WARN_STRICT_PROTOTYPES = YES;
				CLANG_WARN_SUSPICIOUS_MOVE = YES;
				CLANG_WARN_UNREACHABLE_CODE = YES;
				CLANG_WARN__DUPLICATE_METHOD_MATCH = YES;
				"CODE_SIGN_IDENTITY[sdk=iphoneos*]" = "iPhone Developer";
				COPY_PHASE_STRIP = NO;
				ENABLE_STRICT_OBJC_MSGSEND = YES;
				ENABLE_TESTABILITY = YES;
				GCC_C_LANGUAGE_STANDARD = gnu99;
				GCC_DYNAMIC_NO_PIC = NO;
				GCC_NO_COMMON_BLOCKS = YES;
				GCC_OPTIMIZATION_LEVEL = 0;
				GCC_PREPROCESSOR_DEFINITIONS = (
					"DEBUG=1",
					"$(inherited)",
				);
				GCC_SYMBOLS_PRIVATE_EXTERN = NO;
				GCC_WARN_64_TO_32_BIT_CONVERSION = YES;
				GCC_WARN_ABOUT_RETURN_TYPE = YES_ERROR;
				GCC_WARN_UNDECLARED_SELECTOR = YES;
				GCC_WARN_UNINITIALIZED_AUTOS = YES_AGGRESSIVE;
				GCC_WARN_UNUSED_FUNCTION = YES;
				GCC_WARN_UNUSED_VARIABLE = YES;
				IPHONEOS_DEPLOYMENT_TARGET = 8.0;
				MTL_ENABLE_DEBUG_INFO = YES;
				ONLY_ACTIVE_ARCH = YES;
				SDKROOT = iphoneos;
				SWIFT_OPTIMIZATION_LEVEL = "-Onone";
				TARGETED_DEVICE_FAMILY = "1,2";
			};
			name = Debug;
		};
		81BA81631A49DA1800E65899 /* Release */ = {
			isa = XCBuildConfiguration;
			buildSettings = {
				ALWAYS_SEARCH_USER_PATHS = NO;
				CLANG_ANALYZER_LOCALIZABILITY_NONLOCALIZED = YES;
				CLANG_CXX_LANGUAGE_STANDARD = "gnu++0x";
				CLANG_CXX_LIBRARY = "libc++";
				CLANG_ENABLE_MODULES = YES;
				CLANG_ENABLE_OBJC_ARC = YES;
				CLANG_WARN_BLOCK_CAPTURE_AUTORELEASING = YES;
				CLANG_WARN_BOOL_CONVERSION = YES;
				CLANG_WARN_COMMA = YES;
				CLANG_WARN_CONSTANT_CONVERSION = YES;
				CLANG_WARN_DEPRECATED_OBJC_IMPLEMENTATIONS = YES;
				CLANG_WARN_DIRECT_OBJC_ISA_USAGE = YES_ERROR;
				CLANG_WARN_EMPTY_BODY = YES;
				CLANG_WARN_ENUM_CONVERSION = YES;
				CLANG_WARN_INFINITE_RECURSION = YES;
				CLANG_WARN_INT_CONVERSION = YES;
				CLANG_WARN_NON_LITERAL_NULL_CONVERSION = YES;
				CLANG_WARN_OBJC_IMPLICIT_RETAIN_SELF = YES;
				CLANG_WARN_OBJC_LITERAL_CONVERSION = YES;
				CLANG_WARN_OBJC_ROOT_CLASS = YES_ERROR;
				CLANG_WARN_RANGE_LOOP_ANALYSIS = YES;
				CLANG_WARN_STRICT_PROTOTYPES = YES;
				CLANG_WARN_SUSPICIOUS_MOVE = YES;
				CLANG_WARN_UNREACHABLE_CODE = YES;
				CLANG_WARN__DUPLICATE_METHOD_MATCH = YES;
				"CODE_SIGN_IDENTITY[sdk=iphoneos*]" = "iPhone Developer";
				COPY_PHASE_STRIP = YES;
				ENABLE_NS_ASSERTIONS = NO;
				ENABLE_STRICT_OBJC_MSGSEND = YES;
				GCC_C_LANGUAGE_STANDARD = gnu99;
				GCC_NO_COMMON_BLOCKS = YES;
				GCC_WARN_64_TO_32_BIT_CONVERSION = YES;
				GCC_WARN_ABOUT_RETURN_TYPE = YES_ERROR;
				GCC_WARN_UNDECLARED_SELECTOR = YES;
				GCC_WARN_UNINITIALIZED_AUTOS = YES_AGGRESSIVE;
				GCC_WARN_UNUSED_FUNCTION = YES;
				GCC_WARN_UNUSED_VARIABLE = YES;
				IPHONEOS_DEPLOYMENT_TARGET = 8.0;
				MTL_ENABLE_DEBUG_INFO = NO;
				SDKROOT = iphoneos;
				SWIFT_OPTIMIZATION_LEVEL = "-Owholemodule";
				TARGETED_DEVICE_FAMILY = "1,2";
				VALIDATE_PRODUCT = YES;
			};
			name = Release;
		};
		81BA81651A49DA1800E65899 /* Debug */ = {
			isa = XCBuildConfiguration;
			baseConfigurationReference = 38D8C8CE194E8F88588A8B93 /* Pods-PandaWeather.debug.xcconfig */;
			buildSettings = {
				ASSETCATALOG_COMPILER_APPICON_NAME = AppIcon;
				DEVELOPMENT_TEAM = 977XR9D7BN;
				ENABLE_BITCODE = YES;
				FRAMEWORK_SEARCH_PATHS = (
					"$(inherited)",
					"$(PROJECT_DIR)",
				);
				INFOPLIST_FILE = Resources/Info.plist;
				IPHONEOS_DEPLOYMENT_TARGET = 11.0;
				LD_RUNPATH_SEARCH_PATHS = "$(inherited) @executable_path/Frameworks";
				MARKETING_VERSION = 1.3.3;
				PRODUCT_BUNDLE_IDENTIFIER = robin.snowapp;
				PRODUCT_NAME = HurricanePup;
				SWIFT_REFLECTION_METADATA_LEVEL = all;
				SWIFT_SWIFT3_OBJC_INFERENCE = On;
				SWIFT_VERSION = 4.0;
				TARGETED_DEVICE_FAMILY = "1,2";
			};
			name = Debug;
		};
		81BA81661A49DA1800E65899 /* Release */ = {
			isa = XCBuildConfiguration;
			baseConfigurationReference = B177D85A429038EBD109DEF3 /* Pods-PandaWeather.release.xcconfig */;
			buildSettings = {
				ASSETCATALOG_COMPILER_APPICON_NAME = AppIcon;
				DEVELOPMENT_TEAM = 977XR9D7BN;
				ENABLE_BITCODE = YES;
				FRAMEWORK_SEARCH_PATHS = (
					"$(inherited)",
					"$(PROJECT_DIR)",
				);
				INFOPLIST_FILE = Resources/Info.plist;
				IPHONEOS_DEPLOYMENT_TARGET = 11.0;
				LD_RUNPATH_SEARCH_PATHS = "$(inherited) @executable_path/Frameworks";
				MARKETING_VERSION = 1.3.3;
				PRODUCT_BUNDLE_IDENTIFIER = robin.snowapp;
				PRODUCT_NAME = HurricanePup;
				SWIFT_REFLECTION_METADATA_LEVEL = all;
				SWIFT_SWIFT3_OBJC_INFERENCE = On;
				SWIFT_VERSION = 4.0;
				TARGETED_DEVICE_FAMILY = "1,2";
			};
			name = Release;
		};
/* End XCBuildConfiguration section */

/* Begin XCConfigurationList section */
		81BA81401A49DA1800E65899 /* Build configuration list for PBXProject "PandaWeather" */ = {
			isa = XCConfigurationList;
			buildConfigurations = (
				81BA81621A49DA1800E65899 /* Debug */,
				81BA81631A49DA1800E65899 /* Release */,
			);
			defaultConfigurationIsVisible = 0;
			defaultConfigurationName = Debug;
		};
		81BA81641A49DA1800E65899 /* Build configuration list for PBXNativeTarget "PandaWeather" */ = {
			isa = XCConfigurationList;
			buildConfigurations = (
				81BA81651A49DA1800E65899 /* Debug */,
				81BA81661A49DA1800E65899 /* Release */,
			);
			defaultConfigurationIsVisible = 0;
			defaultConfigurationName = Debug;
		};
/* End XCConfigurationList section */

/* Begin XCVersionGroup section */
		A91ACE4E1F9437A40082401A /* PandaWeather.xcdatamodeld */ = {
			isa = XCVersionGroup;
			children = (
				A91ACE4F1F9437A40082401A /* PandaWeather.xcdatamodel */,
			);
			currentVersion = A91ACE4F1F9437A40082401A /* PandaWeather.xcdatamodel */;
			path = PandaWeather.xcdatamodeld;
			sourceTree = "<group>";
			versionGroupType = wrapper.xcdatamodel;
		};
/* End XCVersionGroup section */
	};
	rootObject = 81BA813D1A49DA1800E65899 /* Project object */;
}
